
Microsoft Visual Studio Solution File, Format Version 12.00
# Visual Studio Version 17
VisualStudioVersion = 17.11.35312.102
MinimumVisualStudioVersion = 10.0.40219.1
Project("{9A19103F-16F7-4668-BE54-9A1E7A4F7556}") = "SauRCONShell", "SauRCONShell.csproj", "{413A1824-3FD2-4EC9-B04F-5F8ED2C734F5}"
EndProject
Project("{9A19103F-16F7-4668-BE54-9A1E7A4F7556}") = "CoreRCON_dotnetcore", "..\CoreRcon\src\CoreRCON\CoreRCON_dotnetcore.csproj", "{6CC42451-14D0-45FA-8ACF-A28B02B3F350}"
EndProject
Global
	GlobalSection(SolutionConfigurationPlatforms) = preSolution
		Debug|Any CPU = Debug|Any CPU
		Release|Any CPU = Release|Any CPU
	EndGlobalSection
	GlobalSection(ProjectConfigurationPlatforms) = postSolution
		{413A1824-3FD2-4EC9-B04F-5F8ED2C734F5}.Debug|Any CPU.ActiveCfg = Debug|Any CPU
		{413A1824-3FD2-4EC9-B04F-5F8ED2C734F5}.Debug|Any CPU.Build.0 = Debug|Any CPU
		{413A1824-3FD2-4EC9-B04F-5F8ED2C734F5}.Release|Any CPU.ActiveCfg = Release|Any CPU
		{413A1824-3FD2-4EC9-B04F-5F8ED2C734F5}.Release|Any CPU.Build.0 = Release|Any CPU
		{6CC42451-14D0-45FA-8ACF-A28B02B3F350}.Debug|Any CPU.ActiveCfg = Debug|Any CPU
		{6CC42451-14D0-45FA-8ACF-A28B02B3F350}.Debug|Any CPU.Build.0 = Debug|Any CPU
		{6CC42451-14D0-45FA-8ACF-A28B02B3F350}.Release|Any CPU.ActiveCfg = Release|Any CPU
		{6CC42451-14D0-45FA-8ACF-A28B02B3F350}.Release|Any CPU.Build.0 = Release|Any CPU
	EndGlobalSection
	GlobalSection(SolutionProperties) = preSolution
		HideSolutionNode = FALSE
	EndGlobalSection
	GlobalSection(ExtensibilityGlobals) = postSolution
		SolutionGuid = {842473F9-7138-449E-B073-559D23274598}
	EndGlobalSection
EndGlobal
